
Microsoft Visual Studio Solution File, Format Version 12.00
# Visual Studio Version 17
VisualStudioVersion = 17.2.32630.192
MinimumVisualStudioVersion = 10.0.40219.1
Project("{FAE04EC0-301F-11D3-BF4B-00C04F79EFBC}") = "Schools", "Schools.csproj", "{9770764D-EEAA-41A8-B7A7-F096D676CC89}"
EndProject
Global
	GlobalSection(SolutionConfigurationPlatforms) = preSolution
		Debug|Any CPU = Debug|Any CPU
		Release|Any CPU = Release|Any CPU
	EndGlobalSection
	GlobalSection(ProjectConfigurationPlatforms) = postSolution
		{9770764D-EEAA-41A8-B7A7-F096D676CC89}.Debug|Any CPU.ActiveCfg = Debug|Any CPU
		{9770764D-EEAA-41A8-B7A7-F096D676CC89}.Debug|Any CPU.Build.0 = Debug|Any CPU
		{9770764D-EEAA-41A8-B7A7-F096D676CC89}.Release|Any CPU.ActiveCfg = Release|Any CPU
		{9770764D-EEAA-41A8-B7A7-F096D676CC89}.Release|Any CPU.Build.0 = Release|Any CPU
	EndGlobalSection
	GlobalSection(SolutionProperties) = preSolution
		HideSolutionNode = FALSE
	EndGlobalSection
	GlobalSection(ExtensibilityGlobals) = postSolution
		SolutionGuid = {FFD253A3-C9DD-41AB-A9E8-9F095D586EE0}
	EndGlobalSection
EndGlobal
